
Microsoft Visual Studio Solution File, Format Version 12.00
# Visual Studio Version 17
VisualStudioVersion = 17.6.33723.286
MinimumVisualStudioVersion = 10.0.40219.1
Project("{2150E333-8FDC-42A3-9474-1A3956D46DE8}") = "3.Sqs", "3.Sqs", "{AE28BEE1-B578-439A-B596-D991B9851F5A}"
EndProject
Project("{2150E333-8FDC-42A3-9474-1A3956D46DE8}") = "4.Sns", "4.Sns", "{BA648C25-CB9E-4FAA-AF91-86A37CCEA382}"
EndProject
Project("{2150E333-8FDC-42A3-9474-1A3956D46DE8}") = "5.DynamoDb", "5.DynamoDb", "{2C17779A-FD5B-4980-BEB0-4A19912178B7}"
EndProject
Project("{2150E333-8FDC-42A3-9474-1A3956D46DE8}") = "6.S3", "6.S3", "{6CC73189-9356-4EE7-B061-73D9395C30AC}"
EndProject
Project("{2150E333-8FDC-42A3-9474-1A3956D46DE8}") = "7.SecretsManager", "7.SecretsManager", "{8D27D9CA-8D14-4CD6-9827-A0837CFB03C3}"
EndProject
Project("{2150E333-8FDC-42A3-9474-1A3956D46DE8}") = "8.Lambda", "8.Lambda", "{DC84F474-F046-44B8-8D2E-BCE6A285FDF5}"
EndProject
Project("{9A19103F-16F7-4668-BE54-9A1E7A4F7556}") = "SqsPublisher", "SqsPublisher\SqsPublisher.csproj", "{01F8F67C-8BF9-4CDD-A880-DC40199DD661}"
EndProject
Project("{9A19103F-16F7-4668-BE54-9A1E7A4F7556}") = "SqsConsumer", "SqsConsumer\SqsConsumer.csproj", "{26B9CECA-1C20-4694-A5A1-E034A01E91D0}"
EndProject
Project("{9A19103F-16F7-4668-BE54-9A1E7A4F7556}") = "Customers.Api", "3.Sqs\Customers.Api\Customers.Api.csproj", "{43B58933-5C16-4919-908E-D34E810A6928}"
EndProject
Project("{FAE04EC0-301F-11D3-BF4B-00C04F79EFBC}") = "Customers.Consumer", "3.Sqs\Customers.Consumer\Customers.Consumer.csproj", "{E3778B09-27E5-4C96-9060-9B7D373976BF}"
EndProject
Global
	GlobalSection(SolutionConfigurationPlatforms) = preSolution
		Debug|Any CPU = Debug|Any CPU
		Release|Any CPU = Release|Any CPU
	EndGlobalSection
	GlobalSection(ProjectConfigurationPlatforms) = postSolution
		{01F8F67C-8BF9-4CDD-A880-DC40199DD661}.Debug|Any CPU.ActiveCfg = Debug|Any CPU
		{01F8F67C-8BF9-4CDD-A880-DC40199DD661}.Debug|Any CPU.Build.0 = Debug|Any CPU
		{01F8F67C-8BF9-4CDD-A880-DC40199DD661}.Release|Any CPU.ActiveCfg = Release|Any CPU
		{01F8F67C-8BF9-4CDD-A880-DC40199DD661}.Release|Any CPU.Build.0 = Release|Any CPU
		{26B9CECA-1C20-4694-A5A1-E034A01E91D0}.Debug|Any CPU.ActiveCfg = Debug|Any CPU
		{26B9CECA-1C20-4694-A5A1-E034A01E91D0}.Debug|Any CPU.Build.0 = Debug|Any CPU
		{26B9CECA-1C20-4694-A5A1-E034A01E91D0}.Release|Any CPU.ActiveCfg = Release|Any CPU
		{26B9CECA-1C20-4694-A5A1-E034A01E91D0}.Release|Any CPU.Build.0 = Release|Any CPU
		{43B58933-5C16-4919-908E-D34E810A6928}.Debug|Any CPU.ActiveCfg = Debug|Any CPU
		{43B58933-5C16-4919-908E-D34E810A6928}.Debug|Any CPU.Build.0 = Debug|Any CPU
		{43B58933-5C16-4919-908E-D34E810A6928}.Release|Any CPU.ActiveCfg = Release|Any CPU
		{43B58933-5C16-4919-908E-D34E810A6928}.Release|Any CPU.Build.0 = Release|Any CPU
		{E3778B09-27E5-4C96-9060-9B7D373976BF}.Debug|Any CPU.ActiveCfg = Debug|Any CPU
		{E3778B09-27E5-4C96-9060-9B7D373976BF}.Debug|Any CPU.Build.0 = Debug|Any CPU
		{E3778B09-27E5-4C96-9060-9B7D373976BF}.Release|Any CPU.ActiveCfg = Release|Any CPU
		{E3778B09-27E5-4C96-9060-9B7D373976BF}.Release|Any CPU.Build.0 = Release|Any CPU
	EndGlobalSection
	GlobalSection(SolutionProperties) = preSolution
		HideSolutionNode = FALSE
	EndGlobalSection
	GlobalSection(NestedProjects) = preSolution
		{01F8F67C-8BF9-4CDD-A880-DC40199DD661} = {AE28BEE1-B578-439A-B596-D991B9851F5A}
		{26B9CECA-1C20-4694-A5A1-E034A01E91D0} = {AE28BEE1-B578-439A-B596-D991B9851F5A}
		{43B58933-5C16-4919-908E-D34E810A6928} = {AE28BEE1-B578-439A-B596-D991B9851F5A}
		{E3778B09-27E5-4C96-9060-9B7D373976BF} = {AE28BEE1-B578-439A-B596-D991B9851F5A}
	EndGlobalSection
	GlobalSection(ExtensibilityGlobals) = postSolution
		SolutionGuid = {23A6B94D-D698-4315-8D46-9D617454AA97}
	EndGlobalSection
EndGlobal
